
Microsoft Visual Studio Solution File, Format Version 12.00
# Visual Studio Version 17
VisualStudioVersion = 17.13.35825.156 d17.13
MinimumVisualStudioVersion = 10.0.40219.1
Project("{FAE04EC0-301F-11D3-BF4B-00C04F79EFBC}") = "laba3", "laba3\laba3.csproj", "{FFC4D8FA-E206-44A1-A709-340319E9A193}"
EndProject
Global
	GlobalSection(SolutionConfigurationPlatforms) = preSolution
		Debug|Any CPU = Debug|Any CPU
		Release|Any CPU = Release|Any CPU
	EndGlobalSection
	GlobalSection(ProjectConfigurationPlatforms) = postSolution
		{FFC4D8FA-E206-44A1-A709-340319E9A193}.Debug|Any CPU.ActiveCfg = Debug|Any CPU
		{FFC4D8FA-E206-44A1-A709-340319E9A193}.Debug|Any CPU.Build.0 = Debug|Any CPU
		{FFC4D8FA-E206-44A1-A709-340319E9A193}.Release|Any CPU.ActiveCfg = Release|Any CPU
		{FFC4D8FA-E206-44A1-A709-340319E9A193}.Release|Any CPU.Build.0 = Release|Any CPU
	EndGlobalSection
	GlobalSection(SolutionProperties) = preSolution
		HideSolutionNode = FALSE
	EndGlobalSection
	GlobalSection(ExtensibilityGlobals) = postSolution
		SolutionGuid = {52215886-1B26-44F6-A7AD-9657A7FBFF42}
	EndGlobalSection
EndGlobal
